{
  "nodes": {
    "nixpkgs": {
      "locked": {
        "lastModified": 1741969969,
        "narHash": "sha256-PBaHYA386L5IJ01x3DRDpLU6epSqT7Vv2rpaQxRGW98=",
        "path": "/home/zupo/nixpkgs",
        "type": "path"
      },
      "original": {
        "path": "/home/zupo/nixpkgs",
        "type": "path"
      }
    },
    "root": {
      "inputs": {
        "nixpkgs": "nixpkgs"
      }
    }
  },
  "root": "root",
  "version": 7
}
